
Microsoft Visual Studio Solution File, Format Version 12.00
# Visual Studio 2012
Project("{FAE04EC0-301F-11D3-BF4B-00C04F79EFBC}") = "Points", "Points\Points.csproj", "{FFEAA724-DD2C-4AC9-96C8-5E384849323F}"
EndProject
Global
	GlobalSection(SolutionConfigurationPlatforms) = preSolution
		Debug|Any CPU = Debug|Any CPU
		Release|Any CPU = Release|Any CPU
	EndGlobalSection
	GlobalSection(ProjectConfigurationPlatforms) = postSolution
		{FFEAA724-DD2C-4AC9-96C8-5E384849323F}.Debug|Any CPU.ActiveCfg = Debug|Any CPU
		{FFEAA724-DD2C-4AC9-96C8-5E384849323F}.Debug|Any CPU.Build.0 = Debug|Any CPU
		{FFEAA724-DD2C-4AC9-96C8-5E384849323F}.Release|Any CPU.ActiveCfg = Release|Any CPU
		{FFEAA724-DD2C-4AC9-96C8-5E384849323F}.Release|Any CPU.Build.0 = Release|Any CPU
	EndGlobalSection
	GlobalSection(SolutionProperties) = preSolution
		HideSolutionNode = FALSE
	EndGlobalSection
EndGlobal
